# This file was autogenerated by Stack.
# You should not edit this file by hand.
# For more information, please see the documentation at:
#   https://docs.haskellstack.org/en/stable/lock_files

packages: []
snapshots:
- completed:
    size: 609544
    url: https://raw.githubusercontent.com/commercialhaskell/stackage-snapshots/master/nightly/2021/12/11.yaml
    sha256: d7cff420864932928372a9a7f1c61d32002bfe490e569ba6eaf15bfd0a62f3e7
  original: nightly-2021-12-11
